
Microsoft Visual Studio Solution File, Format Version 12.00
# Visual Studio 14
VisualStudioVersion = 14.0.25420.1
MinimumVisualStudioVersion = 10.0.40219.1
Project("{33AD0EE8-D99B-4E14-8CD9-3F56ABEF97A2}") = "o365licensing_function", "o365licensing_function\o365licensing_function.funproj", "{AA12DEA3-30BE-4126-BC3B-AAD11637657D}"
EndProject
Project("{2150E333-8FDC-42A3-9474-1A3956D46DE8}") = "Solution Items", "Solution Items", "{C742585E-8EFE-4B4C-A146-2DD0356827E0}"
	ProjectSection(SolutionItems) = preProject
		deploy\deploy-preview.sh = deploy\deploy-preview.sh
		deploy\deploy.ps1 = deploy\deploy.ps1
		deploy\deploy.sh = deploy\deploy.sh
		deploy\deployer.rb = deploy\deployer.rb
		deploy\DeploymentHelper.cs = deploy\DeploymentHelper.cs
		deploy\parameters.json = deploy\parameters.json
		deploy\template.json = deploy\template.json
	EndProjectSection
EndProject
Global
	GlobalSection(SolutionConfigurationPlatforms) = preSolution
		Debug|Any CPU = Debug|Any CPU
		Release|Any CPU = Release|Any CPU
	EndGlobalSection
	GlobalSection(ProjectConfigurationPlatforms) = postSolution
		{AA12DEA3-30BE-4126-BC3B-AAD11637657D}.Debug|Any CPU.ActiveCfg = Debug|Any CPU
		{AA12DEA3-30BE-4126-BC3B-AAD11637657D}.Debug|Any CPU.Build.0 = Debug|Any CPU
		{AA12DEA3-30BE-4126-BC3B-AAD11637657D}.Release|Any CPU.ActiveCfg = Release|Any CPU
		{AA12DEA3-30BE-4126-BC3B-AAD11637657D}.Release|Any CPU.Build.0 = Release|Any CPU
	EndGlobalSection
	GlobalSection(SolutionProperties) = preSolution
		HideSolutionNode = FALSE
	EndGlobalSection
EndGlobal
